
Microsoft Visual Studio Solution File, Format Version 12.00
# Visual Studio Version 17
VisualStudioVersion = 17.9.34616.47
MinimumVisualStudioVersion = 10.0.40219.1
Project("{8BC9CEB8-8B4A-11D0-8D11-00A0C91BC942}") = "Search", "Search\Search.vcxproj", "{B8025EAE-76E0-4A6B-84EC-87F3A2843645}"
EndProject
Global
	GlobalSection(SolutionConfigurationPlatforms) = preSolution
		Debug|x64 = Debug|x64
		Debug|x86 = Debug|x86
		Release|x64 = Release|x64
		Release|x86 = Release|x86
	EndGlobalSection
	GlobalSection(ProjectConfigurationPlatforms) = postSolution
		{B8025EAE-76E0-4A6B-84EC-87F3A2843645}.Debug|x64.ActiveCfg = Debug|x64
		{B8025EAE-76E0-4A6B-84EC-87F3A2843645}.Debug|x64.Build.0 = Debug|x64
		{B8025EAE-76E0-4A6B-84EC-87F3A2843645}.Debug|x86.ActiveCfg = Debug|Win32
		{B8025EAE-76E0-4A6B-84EC-87F3A2843645}.Debug|x86.Build.0 = Debug|Win32
		{B8025EAE-76E0-4A6B-84EC-87F3A2843645}.Release|x64.ActiveCfg = Release|x64
		{B8025EAE-76E0-4A6B-84EC-87F3A2843645}.Release|x64.Build.0 = Release|x64
		{B8025EAE-76E0-4A6B-84EC-87F3A2843645}.Release|x86.ActiveCfg = Release|Win32
		{B8025EAE-76E0-4A6B-84EC-87F3A2843645}.Release|x86.Build.0 = Release|Win32
	EndGlobalSection
	GlobalSection(SolutionProperties) = preSolution
		HideSolutionNode = FALSE
	EndGlobalSection
	GlobalSection(ExtensibilityGlobals) = postSolution
		SolutionGuid = {AA647C9A-B683-40E6-A013-5A14E1DC2DBC}
	EndGlobalSection
EndGlobal
